// !$*UTF8*$!
{
	archiveVersion = 1;
	classes = {
	};
	objectVersion = 46;
	objects = {

/* Begin PBXBuildFile section */
		790329C11383E73800741EE8 /* UIKit.framework in Frameworks */ = {isa = PBXBuildFile; fileRef = 790329C01383E73800741EE8 /* UIKit.framework */; };
		790329C31383E73800741EE8 /* Foundation.framework in Frameworks */ = {isa = PBXBuildFile; fileRef = 790329C21383E73800741EE8 /* Foundation.framework */; };
		790329C51383E73800741EE8 /* CoreGraphics.framework in Frameworks */ = {isa = PBXBuildFile; fileRef = 790329C41383E73800741EE8 /* CoreGraphics.framework */; };
		790329CB1383E73800741EE8 /* InfoPlist.strings in Resources */ = {isa = PBXBuildFile; fileRef = 790329C91383E73800741EE8 /* InfoPlist.strings */; };
		790329CE1383E73800741EE8 /* main.m in Sources */ = {isa = PBXBuildFile; fileRef = 790329CD1383E73800741EE8 /* main.m */; };
		790329FB1383EB2500741EE8 /* DBConnectAppDelegate.m in Sources */ = {isa = PBXBuildFile; fileRef = 790329FA1383EB2500741EE8 /* DBConnectAppDelegate.m */; };
		79032A0A1383ED0D00741EE8 /* LICENSE.txt in Resources */ = {isa = PBXBuildFile; fileRef = 79032A091383ED0D00741EE8 /* LICENSE.txt */; };
		7962F25913843B6E00765B9D /* libsqlite3.0.dylib in Frameworks */ = {isa = PBXBuildFile; fileRef = 7962F25813843B6E00765B9D /* libsqlite3.0.dylib */; };
		79D4BCBA138402F5001EC1A3 /* README.markdown in Resources */ = {isa = PBXBuildFile; fileRef = 79D4BCB9138402F5001EC1A3 /* README.markdown */; };
		79D4BCC713840E92001EC1A3 /* DBCDatabase.m in Sources */ = {isa = PBXBuildFile; fileRef = 79D4BCBD13840E92001EC1A3 /* DBCDatabase.m */; };
		79D4BCC813840E92001EC1A3 /* DBCDatabaseResult.m in Sources */ = {isa = PBXBuildFile; fileRef = 79D4BCBF13840E92001EC1A3 /* DBCDatabaseResult.m */; };
		79D4BCC913840E92001EC1A3 /* DBCDatabaseStatement.m in Sources */ = {isa = PBXBuildFile; fileRef = 79D4BCC113840E92001EC1A3 /* DBCDatabaseStatement.m */; };
		79D4BCCA13840E92001EC1A3 /* DBCError.m in Sources */ = {isa = PBXBuildFile; fileRef = 79D4BCC313840E92001EC1A3 /* DBCError.m */; };
		79D4BCCB13840E92001EC1A3 /* sqlite3lib.c in Sources */ = {isa = PBXBuildFile; fileRef = 79D4BCC513840E92001EC1A3 /* sqlite3lib.c */; };
		79D4BCD6138414BC001EC1A3 /* DBCString+Utils.m in Sources */ = {isa = PBXBuildFile; fileRef = 79D4BCD5138414BC001EC1A3 /* DBCString+Utils.m */; };
/* End PBXBuildFile section */

/* Begin PBXFileReference section */
		790329BC1383E73800741EE8 /* DBConnect.app */ = {isa = PBXFileReference; explicitFileType = wrapper.application; includeInIndex = 0; path = DBConnect.app; sourceTree = BUILT_PRODUCTS_DIR; };
		790329C01383E73800741EE8 /* UIKit.framework */ = {isa = PBXFileReference; lastKnownFileType = wrapper.framework; name = UIKit.framework; path = System/Library/Frameworks/UIKit.framework; sourceTree = SDKROOT; };
		790329C21383E73800741EE8 /* Foundation.framework */ = {isa = PBXFileReference; lastKnownFileType = wrapper.framework; name = Foundation.framework; path = System/Library/Frameworks/Foundation.framework; sourceTree = SDKROOT; };
		790329C41383E73800741EE8 /* CoreGraphics.framework */ = {isa = PBXFileReference; lastKnownFileType = wrapper.framework; name = CoreGraphics.framework; path = System/Library/Frameworks/CoreGraphics.framework; sourceTree = SDKROOT; };
		790329C81383E73800741EE8 /* DBConnect-Info.plist */ = {isa = PBXFileReference; lastKnownFileType = text.plist.xml; path = "DBConnect-Info.plist"; sourceTree = "<group>"; };
		790329CA1383E73800741EE8 /* en */ = {isa = PBXFileReference; lastKnownFileType = text.plist.strings; name = en; path = en.lproj/InfoPlist.strings; sourceTree = "<group>"; };
		790329CC1383E73800741EE8 /* DBConnect-Prefix.pch */ = {isa = PBXFileReference; lastKnownFileType = sourcecode.c.h; path = "DBConnect-Prefix.pch"; sourceTree = "<group>"; };
		790329CD1383E73800741EE8 /* main.m */ = {isa = PBXFileReference; lastKnownFileType = sourcecode.c.objc; path = main.m; sourceTree = "<group>"; };
		790329F91383EB2500741EE8 /* DBConnectAppDelegate.h */ = {isa = PBXFileReference; fileEncoding = 4; lastKnownFileType = sourcecode.c.h; name = DBConnectAppDelegate.h; path = Classes/DBConnectAppDelegate.h; sourceTree = "<group>"; };
		790329FA1383EB2500741EE8 /* DBConnectAppDelegate.m */ = {isa = PBXFileReference; fileEncoding = 4; lastKnownFileType = sourcecode.c.objc; name = DBConnectAppDelegate.m; path = Classes/DBConnectAppDelegate.m; sourceTree = "<group>"; };
		79032A091383ED0D00741EE8 /* LICENSE.txt */ = {isa = PBXFileReference; fileEncoding = 4; lastKnownFileType = text; name = LICENSE.txt; path = libs/dbconnect/LICENSE.txt; sourceTree = "<group>"; };
		7962F25813843B6E00765B9D /* libsqlite3.0.dylib */ = {isa = PBXFileReference; lastKnownFileType = "compiled.mach-o.dylib"; name = libsqlite3.0.dylib; path = usr/lib/libsqlite3.0.dylib; sourceTree = SDKROOT; };
		79D4BCB9138402F5001EC1A3 /* README.markdown */ = {isa = PBXFileReference; fileEncoding = 4; lastKnownFileType = text; path = README.markdown; sourceTree = SOURCE_ROOT; };
		79D4BCBC13840E92001EC1A3 /* DBCDatabase.h */ = {isa = PBXFileReference; fileEncoding = 4; lastKnownFileType = sourcecode.c.h; name = DBCDatabase.h; path = libs/dbconnect/DBCDatabase.h; sourceTree = "<group>"; };
		79D4BCBD13840E92001EC1A3 /* DBCDatabase.m */ = {isa = PBXFileReference; fileEncoding = 4; lastKnownFileType = sourcecode.c.objc; name = DBCDatabase.m; path = libs/dbconnect/DBCDatabase.m; sourceTree = "<group>"; };
		79D4BCBE13840E92001EC1A3 /* DBCDatabaseResult.h */ = {isa = PBXFileReference; fileEncoding = 4; lastKnownFileType = sourcecode.c.h; name = DBCDatabaseResult.h; path = libs/dbconnect/DBCDatabaseResult.h; sourceTree = "<group>"; };
		79D4BCBF13840E92001EC1A3 /* DBCDatabaseResult.m */ = {isa = PBXFileReference; fileEncoding = 4; lastKnownFileType = sourcecode.c.objc; name = DBCDatabaseResult.m; path = libs/dbconnect/DBCDatabaseResult.m; sourceTree = "<group>"; };
		79D4BCC013840E92001EC1A3 /* DBCDatabaseStatement.h */ = {isa = PBXFileReference; fileEncoding = 4; lastKnownFileType = sourcecode.c.h; name = DBCDatabaseStatement.h; path = libs/dbconnect/DBCDatabaseStatement.h; sourceTree = "<group>"; };
		79D4BCC113840E92001EC1A3 /* DBCDatabaseStatement.m */ = {isa = PBXFileReference; fileEncoding = 4; lastKnownFileType = sourcecode.c.objc; name = DBCDatabaseStatement.m; path = libs/dbconnect/DBCDatabaseStatement.m; sourceTree = "<group>"; };
		79D4BCC213840E92001EC1A3 /* DBCError.h */ = {isa = PBXFileReference; fileEncoding = 4; lastKnownFileType = sourcecode.c.h; name = DBCError.h; path = libs/dbconnect/DBCError.h; sourceTree = "<group>"; };
		79D4BCC313840E92001EC1A3 /* DBCError.m */ = {isa = PBXFileReference; fileEncoding = 4; lastKnownFileType = sourcecode.c.objc; name = DBCError.m; path = libs/dbconnect/DBCError.m; sourceTree = "<group>"; };
		79D4BCC413840E92001EC1A3 /* sqlite3lib_ext.h */ = {isa = PBXFileReference; fileEncoding = 4; lastKnownFileType = sourcecode.c.h; name = sqlite3lib_ext.h; path = libs/dbconnect/sqlite3lib_ext.h; sourceTree = "<group>"; };
		79D4BCC513840E92001EC1A3 /* sqlite3lib.c */ = {isa = PBXFileReference; fileEncoding = 4; lastKnownFileType = sourcecode.c.c; name = sqlite3lib.c; path = libs/dbconnect/sqlite3lib.c; sourceTree = "<group>"; };
		79D4BCC613840E92001EC1A3 /* sqlite3lib.h */ = {isa = PBXFileReference; fileEncoding = 4; lastKnownFileType = sourcecode.c.h; name = sqlite3lib.h; path = libs/dbconnect/sqlite3lib.h; sourceTree = "<group>"; };
		79D4BCD4138414BC001EC1A3 /* DBCString+Utils.h */ = {isa = PBXFileReference; fileEncoding = 4; lastKnownFileType = sourcecode.c.h; name = "DBCString+Utils.h"; path = "libs/dbconnect/categories/DBCString+Utils.h"; sourceTree = "<group>"; };
		79D4BCD5138414BC001EC1A3 /* DBCString+Utils.m */ = {isa = PBXFileReference; fileEncoding = 4; lastKnownFileType = sourcecode.c.objc; name = "DBCString+Utils.m"; path = "libs/dbconnect/categories/DBCString+Utils.m"; sourceTree = "<group>"; };
/* End PBXFileReference section */

/* Begin PBXFrameworksBuildPhase section */
		790329B91383E73800741EE8 /* Frameworks */ = {
			isa = PBXFrameworksBuildPhase;
			buildActionMask = 2147483647;
			files = (
				7962F25913843B6E00765B9D /* libsqlite3.0.dylib in Frameworks */,
				790329C11383E73800741EE8 /* UIKit.framework in Frameworks */,
				790329C31383E73800741EE8 /* Foundation.framework in Frameworks */,
				790329C51383E73800741EE8 /* CoreGraphics.framework in Frameworks */,
			);
			runOnlyForDeploymentPostprocessing = 0;
		};
/* End PBXFrameworksBuildPhase section */

/* Begin PBXGroup section */
		790329B11383E73800741EE8 = {
			isa = PBXGroup;
			children = (
				790329C61383E73800741EE8 /* DBConnect */,
				790329BF1383E73800741EE8 /* Frameworks */,
				790329BD1383E73800741EE8 /* Products */,
			);
			sourceTree = "<group>";
		};
		790329BD1383E73800741EE8 /* Products */ = {
			isa = PBXGroup;
			children = (
				790329BC1383E73800741EE8 /* DBConnect.app */,
			);
			name = Products;
			sourceTree = "<group>";
		};
		790329BF1383E73800741EE8 /* Frameworks */ = {
			isa = PBXGroup;
			children = (
				7962F25813843B6E00765B9D /* libsqlite3.0.dylib */,
				790329C01383E73800741EE8 /* UIKit.framework */,
				790329C21383E73800741EE8 /* Foundation.framework */,
				790329C41383E73800741EE8 /* CoreGraphics.framework */,
			);
			name = Frameworks;
			sourceTree = "<group>";
		};
		790329C61383E73800741EE8 /* DBConnect */ = {
			isa = PBXGroup;
			children = (
				790329F81383EB0200741EE8 /* Classes */,
				790329FD1383EB4C00741EE8 /* libs */,
				790329FC1383EB3F00741EE8 /* Resources */,
				790329C71383E73800741EE8 /* Supporting Files */,
			);
			path = DBConnect;
			sourceTree = "<group>";
		};
		790329C71383E73800741EE8 /* Supporting Files */ = {
			isa = PBXGroup;
			children = (
				790329C81383E73800741EE8 /* DBConnect-Info.plist */,
				790329C91383E73800741EE8 /* InfoPlist.strings */,
				790329CC1383E73800741EE8 /* DBConnect-Prefix.pch */,
				790329CD1383E73800741EE8 /* main.m */,
			);
			name = "Supporting Files";
			sourceTree = "<group>";
		};
		790329F81383EB0200741EE8 /* Classes */ = {
			isa = PBXGroup;
			children = (
				790329F91383EB2500741EE8 /* DBConnectAppDelegate.h */,
				790329FA1383EB2500741EE8 /* DBConnectAppDelegate.m */,
			);
			name = Classes;
			sourceTree = "<group>";
		};
		790329FC1383EB3F00741EE8 /* Resources */ = {
			isa = PBXGroup;
			children = (
				79D4BCB9138402F5001EC1A3 /* README.markdown */,
			);
			name = Resources;
			sourceTree = "<group>";
		};
		790329FD1383EB4C00741EE8 /* libs */ = {
			isa = PBXGroup;
			children = (
				79032A081383ED0100741EE8 /* dbconnect */,
			);
			name = libs;
			sourceTree = "<group>";
		};
		79032A081383ED0100741EE8 /* dbconnect */ = {
			isa = PBXGroup;
			children = (
				79D4BCCD138413BA001EC1A3 /* categories */,
				79D4BCCC13841236001EC1A3 /* sqlite3lib */,
				79D4BCC213840E92001EC1A3 /* DBCError.h */,
				79D4BCC313840E92001EC1A3 /* DBCError.m */,
				79D4BCBC13840E92001EC1A3 /* DBCDatabase.h */,
				79D4BCBD13840E92001EC1A3 /* DBCDatabase.m */,
				79D4BCBE13840E92001EC1A3 /* DBCDatabaseResult.h */,
				79D4BCBF13840E92001EC1A3 /* DBCDatabaseResult.m */,
				79D4BCC013840E92001EC1A3 /* DBCDatabaseStatement.h */,
				79D4BCC113840E92001EC1A3 /* DBCDatabaseStatement.m */,
				79032A091383ED0D00741EE8 /* LICENSE.txt */,
			);
			name = dbconnect;
			sourceTree = "<group>";
		};
		79D4BCCC13841236001EC1A3 /* sqlite3lib */ = {
			isa = PBXGroup;
			children = (
				79D4BCC513840E92001EC1A3 /* sqlite3lib.c */,
				79D4BCC613840E92001EC1A3 /* sqlite3lib.h */,
				79D4BCC413840E92001EC1A3 /* sqlite3lib_ext.h */,
			);
			name = sqlite3lib;
			sourceTree = "<group>";
		};
		79D4BCCD138413BA001EC1A3 /* categories */ = {
			isa = PBXGroup;
			children = (
				79D4BCD4138414BC001EC1A3 /* DBCString+Utils.h */,
				79D4BCD5138414BC001EC1A3 /* DBCString+Utils.m */,
			);
			name = categories;
			sourceTree = "<group>";
		};
/* End PBXGroup section */

/* Begin PBXNativeTarget section */
		790329BB1383E73800741EE8 /* DBConnect */ = {
			isa = PBXNativeTarget;
			buildConfigurationList = 790329DD1383E73800741EE8 /* Build configuration list for PBXNativeTarget "DBConnect" */;
			buildPhases = (
				790329B81383E73800741EE8 /* Sources */,
				790329B91383E73800741EE8 /* Frameworks */,
				790329BA1383E73800741EE8 /* Resources */,
			);
			buildRules = (
			);
			dependencies = (
			);
			name = DBConnect;
			productName = DBConnect;
			productReference = 790329BC1383E73800741EE8 /* DBConnect.app */;
			productType = "com.apple.product-type.application";
		};
/* End PBXNativeTarget section */

/* Begin PBXProject section */
		790329B31383E73800741EE8 /* Project object */ = {
			isa = PBXProject;
			attributes = {
				ORGANIZATIONNAME = "Tattooed Orange";
			};
			buildConfigurationList = 790329B61383E73800741EE8 /* Build configuration list for PBXProject "DBConnect" */;
			compatibilityVersion = "Xcode 3.2";
			developmentRegion = English;
			hasScannedForEncodings = 0;
			knownRegions = (
				en,
			);
			mainGroup = 790329B11383E73800741EE8;
			productRefGroup = 790329BD1383E73800741EE8 /* Products */;
			projectDirPath = "";
			projectRoot = "";
			targets = (
				790329BB1383E73800741EE8 /* DBConnect */,
			);
		};
/* End PBXProject section */

/* Begin PBXResourcesBuildPhase section */
		790329BA1383E73800741EE8 /* Resources */ = {
			isa = PBXResourcesBuildPhase;
			buildActionMask = 2147483647;
			files = (
				790329CB1383E73800741EE8 /* InfoPlist.strings in Resources */,
				79032A0A1383ED0D00741EE8 /* LICENSE.txt in Resources */,
				79D4BCBA138402F5001EC1A3 /* README.markdown in Resources */,
			);
			runOnlyForDeploymentPostprocessing = 0;
		};
/* End PBXResourcesBuildPhase section */

/* Begin PBXSourcesBuildPhase section */
		790329B81383E73800741EE8 /* Sources */ = {
			isa = PBXSourcesBuildPhase;
			buildActionMask = 2147483647;
			files = (
				790329CE1383E73800741EE8 /* main.m in Sources */,
				790329FB1383EB2500741EE8 /* DBConnectAppDelegate.m in Sources */,
				79D4BCC713840E92001EC1A3 /* DBCDatabase.m in Sources */,
				79D4BCC813840E92001EC1A3 /* DBCDatabaseResult.m in Sources */,
				79D4BCC913840E92001EC1A3 /* DBCDatabaseStatement.m in Sources */,
				79D4BCCA13840E92001EC1A3 /* DBCError.m in Sources */,
				79D4BCCB13840E92001EC1A3 /* sqlite3lib.c in Sources */,
				79D4BCD6138414BC001EC1A3 /* DBCString+Utils.m in Sources */,
			);
			runOnlyForDeploymentPostprocessing = 0;
		};
/* End PBXSourcesBuildPhase section */

/* Begin PBXVariantGroup section */
		790329C91383E73800741EE8 /* InfoPlist.strings */ = {
			isa = PBXVariantGroup;
			children = (
				790329CA1383E73800741EE8 /* en */,
			);
			name = InfoPlist.strings;
			sourceTree = "<group>";
		};
/* End PBXVariantGroup section */

/* Begin XCBuildConfiguration section */
		790329DB1383E73800741EE8 /* Debug */ = {
			isa = XCBuildConfiguration;
			buildSettings = {
				ARCHS = "$(ARCHS_STANDARD_32_BIT)";
				"CODE_SIGN_IDENTITY[sdk=iphoneos*]" = "iPhone Developer";
				GCC_C_LANGUAGE_STANDARD = gnu99;
				GCC_OPTIMIZATION_LEVEL = 0;
				GCC_PREPROCESSOR_DEFINITIONS = DEBUG;
				GCC_SYMBOLS_PRIVATE_EXTERN = NO;
				GCC_VERSION = com.apple.compilers.llvmgcc42;
				GCC_WARN_ABOUT_RETURN_TYPE = YES;
				GCC_WARN_UNUSED_VARIABLE = YES;
				IPHONEOS_DEPLOYMENT_TARGET = 4.3;
				SDKROOT = iphoneos;
			};
			name = Debug;
		};
		790329DC1383E73800741EE8 /* Release */ = {
			isa = XCBuildConfiguration;
			buildSettings = {
				ARCHS = "$(ARCHS_STANDARD_32_BIT)";
				"CODE_SIGN_IDENTITY[sdk=iphoneos*]" = "iPhone Developer";
				GCC_C_LANGUAGE_STANDARD = gnu99;
				GCC_VERSION = com.apple.compilers.llvmgcc42;
				GCC_WARN_ABOUT_RETURN_TYPE = YES;
				GCC_WARN_UNUSED_VARIABLE = YES;
				IPHONEOS_DEPLOYMENT_TARGET = 4.3;
				OTHER_CFLAGS = "-DNS_BLOCK_ASSERTIONS=1";
				SDKROOT = iphoneos;
			};
			name = Release;
		};
		790329DE1383E73800741EE8 /* Debug */ = {
			isa = XCBuildConfiguration;
			buildSettings = {
				ALWAYS_SEARCH_USER_PATHS = NO;
				COPY_PHASE_STRIP = NO;
				GCC_DYNAMIC_NO_PIC = NO;
				GCC_PRECOMPILE_PREFIX_HEADER = YES;
				GCC_PREFIX_HEADER = "DBConnect/DBConnect-Prefix.pch";
				INFOPLIST_FILE = "DBConnect/DBConnect-Info.plist";
				PRODUCT_NAME = "$(TARGET_NAME)";
				WRAPPER_EXTENSION = app;
			};
			name = Debug;
		};
		790329DF1383E73800741EE8 /* Release */ = {
			isa = XCBuildConfiguration;
			buildSettings = {
				ALWAYS_SEARCH_USER_PATHS = NO;
				COPY_PHASE_STRIP = YES;
				GCC_PRECOMPILE_PREFIX_HEADER = YES;
				GCC_PREFIX_HEADER = "DBConnect/DBConnect-Prefix.pch";
				INFOPLIST_FILE = "DBConnect/DBConnect-Info.plist";
				PRODUCT_NAME = "$(TARGET_NAME)";
				VALIDATE_PRODUCT = YES;
				WRAPPER_EXTENSION = app;
			};
			name = Release;
		};
/* End XCBuildConfiguration section */

/* Begin XCConfigurationList section */
		790329B61383E73800741EE8 /* Build configuration list for PBXProject "DBConnect" */ = {
			isa = XCConfigurationList;
			buildConfigurations = (
				790329DB1383E73800741EE8 /* Debug */,
				790329DC1383E73800741EE8 /* Release */,
			);
			defaultConfigurationIsVisible = 0;
			defaultConfigurationName = Release;
		};
		790329DD1383E73800741EE8 /* Build configuration list for PBXNativeTarget "DBConnect" */ = {
			isa = XCConfigurationList;
			buildConfigurations = (
				790329DE1383E73800741EE8 /* Debug */,
				790329DF1383E73800741EE8 /* Release */,
			);
			defaultConfigurationIsVisible = 0;
			defaultConfigurationName = Release;
		};
/* End XCConfigurationList section */
	};
	rootObject = 790329B31383E73800741EE8 /* Project object */;
}
